
Microsoft Visual Studio Solution File, Format Version 12.00
# Visual Studio Version 17
VisualStudioVersion = 17.5.33530.505
MinimumVisualStudioVersion = 10.0.40219.1
Project("{54A90642-561A-4BB1-A94E-469ADEE60C69}") = "rest", "rest.esproj", "{D5F4B188-4855-4420-BD6B-53B859E62A8F}"
EndProject
Global
	GlobalSection(SolutionConfigurationPlatforms) = preSolution
		Debug|Any CPU = Debug|Any CPU
		Release|Any CPU = Release|Any CPU
	EndGlobalSection
	GlobalSection(ProjectConfigurationPlatforms) = postSolution
		{D5F4B188-4855-4420-BD6B-53B859E62A8F}.Debug|Any CPU.ActiveCfg = Debug|Any CPU
		{D5F4B188-4855-4420-BD6B-53B859E62A8F}.Debug|Any CPU.Build.0 = Debug|Any CPU
		{D5F4B188-4855-4420-BD6B-53B859E62A8F}.Debug|Any CPU.Deploy.0 = Debug|Any CPU
		{D5F4B188-4855-4420-BD6B-53B859E62A8F}.Release|Any CPU.ActiveCfg = Release|Any CPU
		{D5F4B188-4855-4420-BD6B-53B859E62A8F}.Release|Any CPU.Build.0 = Release|Any CPU
		{D5F4B188-4855-4420-BD6B-53B859E62A8F}.Release|Any CPU.Deploy.0 = Release|Any CPU
	EndGlobalSection
	GlobalSection(SolutionProperties) = preSolution
		HideSolutionNode = FALSE
	EndGlobalSection
	GlobalSection(ExtensibilityGlobals) = postSolution
		SolutionGuid = {E27ABED1-8DBA-475C-8726-4AF6A466D8B4}
	EndGlobalSection
EndGlobal
